// !$*UTF8*$!
{
	archiveVersion = 1;
	classes = {
	};
	objectVersion = 55;
	objects = {

/* Begin PBXBuildFile section */
		141C05552779D64F007187F3 /* AppDelegate.swift in Sources */ = {isa = PBXBuildFile; fileRef = 141C05542779D64F007187F3 /* AppDelegate.swift */; };
		141C05572779D64F007187F3 /* SceneDelegate.swift in Sources */ = {isa = PBXBuildFile; fileRef = 141C05562779D64F007187F3 /* SceneDelegate.swift */; };
		141C05592779D64F007187F3 /* ViewController.swift in Sources */ = {isa = PBXBuildFile; fileRef = 141C05582779D64F007187F3 /* ViewController.swift */; };
		141C055C2779D64F007187F3 /* Main.storyboard in Resources */ = {isa = PBXBuildFile; fileRef = 141C055A2779D64F007187F3 /* Main.storyboard */; };
		141C055E2779D653007187F3 /* Assets.xcassets in Resources */ = {isa = PBXBuildFile; fileRef = 141C055D2779D653007187F3 /* Assets.xcassets */; };
		141C05612779D653007187F3 /* LaunchScreen.storyboard in Resources */ = {isa = PBXBuildFile; fileRef = 141C055F2779D653007187F3 /* LaunchScreen.storyboard */; };
		141C056C2779D653007187F3 /* Ajir_AppTests.swift in Sources */ = {isa = PBXBuildFile; fileRef = 141C056B2779D653007187F3 /* Ajir_AppTests.swift */; };
		141C05762779D653007187F3 /* Ajir_AppUITests.swift in Sources */ = {isa = PBXBuildFile; fileRef = 141C05752779D653007187F3 /* Ajir_AppUITests.swift */; };
		141C05782779D653007187F3 /* Ajir_AppUITestsLaunchTests.swift in Sources */ = {isa = PBXBuildFile; fileRef = 141C05772779D653007187F3 /* Ajir_AppUITestsLaunchTests.swift */; };
		141C05852779D6D3007187F3 /* .gitignore in Resources */ = {isa = PBXBuildFile; fileRef = 141C05842779D6D3007187F3 /* .gitignore */; };
		141C05872779D8E8007187F3 /* GoogleService-Info.plist in Resources */ = {isa = PBXBuildFile; fileRef = 141C05862779D8E8007187F3 /* GoogleService-Info.plist */; };
		141C058A2779D9FA007187F3 /* FirebaseAuth in Frameworks */ = {isa = PBXBuildFile; productRef = 141C05892779D9FA007187F3 /* FirebaseAuth */; };
		141C058C2779D9FA007187F3 /* FirebaseFirestore in Frameworks */ = {isa = PBXBuildFile; productRef = 141C058B2779D9FA007187F3 /* FirebaseFirestore */; };
		141C058E2779D9FA007187F3 /* FirebaseStorage in Frameworks */ = {isa = PBXBuildFile; productRef = 141C058D2779D9FA007187F3 /* FirebaseStorage */; };
		141C05942779E81E007187F3 /* image.swift in Sources */ = {isa = PBXBuildFile; fileRef = 141C05932779E81E007187F3 /* image.swift */; };
		141C05972779F2FB007187F3 /* User.swift in Sources */ = {isa = PBXBuildFile; fileRef = 141C05962779F2FB007187F3 /* User.swift */; };
		141C05992779F31D007187F3 /* Product.swift in Sources */ = {isa = PBXBuildFile; fileRef = 141C05982779F31D007187F3 /* Product.swift */; };
		141C059B2779F362007187F3 /* Activity.swift in Sources */ = {isa = PBXBuildFile; fileRef = 141C059A2779F362007187F3 /* Activity.swift */; };
		141C059F2779F950007187F3 /* LandingViewController.swift in Sources */ = {isa = PBXBuildFile; fileRef = 141C059E2779F950007187F3 /* LandingViewController.swift */; };
		141C05A1277A31C6007187F3 /* Sign Up ViewController.swift in Sources */ = {isa = PBXBuildFile; fileRef = 141C05A0277A31C6007187F3 /* Sign Up ViewController.swift */; };
		141C05A3277A31DE007187F3 /* Sign In ViewController.swift in Sources */ = {isa = PBXBuildFile; fileRef = 141C05A2277A31DE007187F3 /* Sign In ViewController.swift */; };
		141C05A5277A321D007187F3 /* Terms ViewController.swift in Sources */ = {isa = PBXBuildFile; fileRef = 141C05A4277A321D007187F3 /* Terms ViewController.swift */; };
		141C05AB277A3287007187F3 /* Product Description ViewController.swift in Sources */ = {isa = PBXBuildFile; fileRef = 141C05AA277A3287007187F3 /* Product Description ViewController.swift */; };
		141C05BA277B3E9D007187F3 /* DetailsViewController.swift in Sources */ = {isa = PBXBuildFile; fileRef = 141C05B9277B3E9D007187F3 /* DetailsViewController.swift */; };
		142E8358277C76E100AC41AA /* postCell.swift in Sources */ = {isa = PBXBuildFile; fileRef = 142E8357277C76E100AC41AA /* postCell.swift */; };
		142E835A277DAF7500AC41AA /* Contact ViewController.swift in Sources */ = {isa = PBXBuildFile; fileRef = 142E8359277DAF7500AC41AA /* Contact ViewController.swift */; };
		147D71D82782283800C1E495 /* Alert.swift in Sources */ = {isa = PBXBuildFile; fileRef = 147D71D72782283800C1E495 /* Alert.swift */; };
		147D71E2278255B600C1E495 /*  BundleExtention.swift in Sources */ = {isa = PBXBuildFile; fileRef = 147D71E1278255B600C1E495 /*  BundleExtention.swift */; };
		147D71ED2783223400C1E495 /* Localizable.strings in Resources */ = {isa = PBXBuildFile; fileRef = 147D71EF2783223400C1E495 /* Localizable.strings */; };
		14F5E8CC277C40E100A3AB82 /* HomeViewController.swift in Sources */ = {isa = PBXBuildFile; fileRef = 14F5E8CB277C40E100A3AB82 /* HomeViewController.swift */; };
/* End PBXBuildFile section */

/* Begin PBXContainerItemProxy section */
		141C05682779D653007187F3 /* PBXContainerItemProxy */ = {
			isa = PBXContainerItemProxy;
			containerPortal = 141C05492779D64E007187F3 /* Project object */;
			proxyType = 1;
			remoteGlobalIDString = 141C05502779D64F007187F3;
			remoteInfo = "Ajir App";
		};
		141C05722779D653007187F3 /* PBXContainerItemProxy */ = {
			isa = PBXContainerItemProxy;
			containerPortal = 141C05492779D64E007187F3 /* Project object */;
			proxyType = 1;
			remoteGlobalIDString = 141C05502779D64F007187F3;
			remoteInfo = "Ajir App";
		};
/* End PBXContainerItemProxy section */

/* Begin PBXFileReference section */
		141C05512779D64F007187F3 /* Ajir App.app */ = {isa = PBXFileReference; explicitFileType = wrapper.application; includeInIndex = 0; path = "Ajir App.app"; sourceTree = BUILT_PRODUCTS_DIR; };
		141C05542779D64F007187F3 /* AppDelegate.swift */ = {isa = PBXFileReference; lastKnownFileType = sourcecode.swift; path = AppDelegate.swift; sourceTree = "<group>"; };
		141C05562779D64F007187F3 /* SceneDelegate.swift */ = {isa = PBXFileReference; lastKnownFileType = sourcecode.swift; path = SceneDelegate.swift; sourceTree = "<group>"; };
		141C05582779D64F007187F3 /* ViewController.swift */ = {isa = PBXFileReference; lastKnownFileType = sourcecode.swift; path = ViewController.swift; sourceTree = "<group>"; };
		141C055B2779D64F007187F3 /* Base */ = {isa = PBXFileReference; lastKnownFileType = file.storyboard; name = Base; path = Base.lproj/Main.storyboard; sourceTree = "<group>"; };
		141C055D2779D653007187F3 /* Assets.xcassets */ = {isa = PBXFileReference; lastKnownFileType = folder.assetcatalog; path = Assets.xcassets; sourceTree = "<group>"; };
		141C05602779D653007187F3 /* Base */ = {isa = PBXFileReference; lastKnownFileType = file.storyboard; name = Base; path = Base.lproj/LaunchScreen.storyboard; sourceTree = "<group>"; };
		141C05622779D653007187F3 /* Info.plist */ = {isa = PBXFileReference; lastKnownFileType = text.plist.xml; path = Info.plist; sourceTree = "<group>"; };
		141C05672779D653007187F3 /* Ajir AppTests.xctest */ = {isa = PBXFileReference; explicitFileType = wrapper.cfbundle; includeInIndex = 0; path = "Ajir AppTests.xctest"; sourceTree = BUILT_PRODUCTS_DIR; };
		141C056B2779D653007187F3 /* Ajir_AppTests.swift */ = {isa = PBXFileReference; lastKnownFileType = sourcecode.swift; path = Ajir_AppTests.swift; sourceTree = "<group>"; };
		141C05712779D653007187F3 /* Ajir AppUITests.xctest */ = {isa = PBXFileReference; explicitFileType = wrapper.cfbundle; includeInIndex = 0; path = "Ajir AppUITests.xctest"; sourceTree = BUILT_PRODUCTS_DIR; };
		141C05752779D653007187F3 /* Ajir_AppUITests.swift */ = {isa = PBXFileReference; lastKnownFileType = sourcecode.swift; path = Ajir_AppUITests.swift; sourceTree = "<group>"; };
		141C05772779D653007187F3 /* Ajir_AppUITestsLaunchTests.swift */ = {isa = PBXFileReference; lastKnownFileType = sourcecode.swift; path = Ajir_AppUITestsLaunchTests.swift; sourceTree = "<group>"; };
		141C05842779D6D3007187F3 /* .gitignore */ = {isa = PBXFileReference; fileEncoding = 4; lastKnownFileType = text; name = .gitignore; path = ../.gitignore; sourceTree = "<group>"; };
		141C05862779D8E8007187F3 /* GoogleService-Info.plist */ = {isa = PBXFileReference; fileEncoding = 4; lastKnownFileType = text.plist.xml; path = "GoogleService-Info.plist"; sourceTree = "<group>"; };
		141C05932779E81E007187F3 /* image.swift */ = {isa = PBXFileReference; lastKnownFileType = sourcecode.swift; path = image.swift; sourceTree = "<group>"; };
		141C05962779F2FB007187F3 /* User.swift */ = {isa = PBXFileReference; lastKnownFileType = sourcecode.swift; path = User.swift; sourceTree = "<group>"; };
		141C05982779F31D007187F3 /* Product.swift */ = {isa = PBXFileReference; lastKnownFileType = sourcecode.swift; path = Product.swift; sourceTree = "<group>"; };
		141C059A2779F362007187F3 /* Activity.swift */ = {isa = PBXFileReference; lastKnownFileType = sourcecode.swift; path = Activity.swift; sourceTree = "<group>"; };
		141C059E2779F950007187F3 /* LandingViewController.swift */ = {isa = PBXFileReference; lastKnownFileType = sourcecode.swift; path = LandingViewController.swift; sourceTree = "<group>"; };
		141C05A0277A31C6007187F3 /* Sign Up ViewController.swift */ = {isa = PBXFileReference; lastKnownFileType = sourcecode.swift; path = "Sign Up ViewController.swift"; sourceTree = "<group>"; };
		141C05A2277A31DE007187F3 /* Sign In ViewController.swift */ = {isa = PBXFileReference; lastKnownFileType = sourcecode.swift; path = "Sign In ViewController.swift"; sourceTree = "<group>"; };
		141C05A4277A321D007187F3 /* Terms ViewController.swift */ = {isa = PBXFileReference; lastKnownFileType = sourcecode.swift; path = "Terms ViewController.swift"; sourceTree = "<group>"; };
		141C05AA277A3287007187F3 /* Product Description ViewController.swift */ = {isa = PBXFileReference; lastKnownFileType = sourcecode.swift; path = "Product Description ViewController.swift"; sourceTree = "<group>"; };
		141C05B9277B3E9D007187F3 /* DetailsViewController.swift */ = {isa = PBXFileReference; lastKnownFileType = sourcecode.swift; path = DetailsViewController.swift; sourceTree = "<group>"; };
		142E8357277C76E100AC41AA /* postCell.swift */ = {isa = PBXFileReference; lastKnownFileType = sourcecode.swift; path = postCell.swift; sourceTree = "<group>"; };
		142E8359277DAF7500AC41AA /* Contact ViewController.swift */ = {isa = PBXFileReference; lastKnownFileType = sourcecode.swift; name = "Contact ViewController.swift"; path = "View/Contact ViewController.swift"; sourceTree = "<group>"; };
		147D71D72782283800C1E495 /* Alert.swift */ = {isa = PBXFileReference; lastKnownFileType = sourcecode.swift; path = Alert.swift; sourceTree = "<group>"; };
		147D71E1278255B600C1E495 /*  BundleExtention.swift */ = {isa = PBXFileReference; lastKnownFileType = sourcecode.swift; path = " BundleExtention.swift"; sourceTree = "<group>"; };
		147D71E92783221500C1E495 /* ar */ = {isa = PBXFileReference; lastKnownFileType = text.plist.strings; name = ar; path = ar.lproj/Main.strings; sourceTree = "<group>"; };
		147D71EA2783221500C1E495 /* ar */ = {isa = PBXFileReference; lastKnownFileType = text.plist.strings; name = ar; path = ar.lproj/LaunchScreen.strings; sourceTree = "<group>"; };
		147D71EE2783223400C1E495 /* en */ = {isa = PBXFileReference; lastKnownFileType = text.plist.strings; name = en; path = en.lproj/Localizable.strings; sourceTree = "<group>"; };
		147D71F02783223F00C1E495 /* ar */ = {isa = PBXFileReference; lastKnownFileType = text.plist.strings; name = ar; path = ar.lproj/Localizable.strings; sourceTree = "<group>"; };
		14F5E8CB277C40E100A3AB82 /* HomeViewController.swift */ = {isa = PBXFileReference; lastKnownFileType = sourcecode.swift; path = HomeViewController.swift; sourceTree = "<group>"; };
/* End PBXFileReference section */

/* Begin PBXFrameworksBuildPhase section */
		141C054E2779D64F007187F3 /* Frameworks */ = {
			isa = PBXFrameworksBuildPhase;
			buildActionMask = 2147483647;
			files = (
				141C058A2779D9FA007187F3 /* FirebaseAuth in Frameworks */,
				141C058C2779D9FA007187F3 /* FirebaseFirestore in Frameworks */,
				141C058E2779D9FA007187F3 /* FirebaseStorage in Frameworks */,
			);
			runOnlyForDeploymentPostprocessing = 0;
		};
		141C05642779D653007187F3 /* Frameworks */ = {
			isa = PBXFrameworksBuildPhase;
			buildActionMask = 2147483647;
			files = (
			);
			runOnlyForDeploymentPostprocessing = 0;
		};
		141C056E2779D653007187F3 /* Frameworks */ = {
			isa = PBXFrameworksBuildPhase;
			buildActionMask = 2147483647;
			files = (
			);
			runOnlyForDeploymentPostprocessing = 0;
		};
/* End PBXFrameworksBuildPhase section */

/* Begin PBXGroup section */
		141C05482779D64E007187F3 = {
			isa = PBXGroup;
			children = (
				141C05842779D6D3007187F3 /* .gitignore */,
				141C05532779D64F007187F3 /* Ajir App */,
				141C056A2779D653007187F3 /* Ajir AppTests */,
				141C05742779D653007187F3 /* Ajir AppUITests */,
				141C05522779D64F007187F3 /* Products */,
			);
			sourceTree = "<group>";
		};
		141C05522779D64F007187F3 /* Products */ = {
			isa = PBXGroup;
			children = (
				141C05512779D64F007187F3 /* Ajir App.app */,
				141C05672779D653007187F3 /* Ajir AppTests.xctest */,
				141C05712779D653007187F3 /* Ajir AppUITests.xctest */,
			);
			name = Products;
			sourceTree = "<group>";
		};
		141C05532779D64F007187F3 /* Ajir App */ = {
			isa = PBXGroup;
			children = (
				141C05AE277A3472007187F3 /* Utill */,
				141C058F2779E714007187F3 /* Model */,
				141C05902779E77F007187F3 /* View */,
				141C05952779E848007187F3 /* controller */,
				141C05542779D64F007187F3 /* AppDelegate.swift */,
				141C05562779D64F007187F3 /* SceneDelegate.swift */,
				141C05582779D64F007187F3 /* ViewController.swift */,
				141C055D2779D653007187F3 /* Assets.xcassets */,
				141C055F2779D653007187F3 /* LaunchScreen.storyboard */,
				141C05622779D653007187F3 /* Info.plist */,
				141C05862779D8E8007187F3 /* GoogleService-Info.plist */,
			);
			path = "Ajir App";
			sourceTree = "<group>";
		};
		141C056A2779D653007187F3 /* Ajir AppTests */ = {
			isa = PBXGroup;
			children = (
				141C056B2779D653007187F3 /* Ajir_AppTests.swift */,
			);
			path = "Ajir AppTests";
			sourceTree = "<group>";
		};
		141C05742779D653007187F3 /* Ajir AppUITests */ = {
			isa = PBXGroup;
			children = (
				141C05752779D653007187F3 /* Ajir_AppUITests.swift */,
				141C05772779D653007187F3 /* Ajir_AppUITestsLaunchTests.swift */,
			);
			path = "Ajir AppUITests";
			sourceTree = "<group>";
		};
		141C058F2779E714007187F3 /* Model */ = {
			isa = PBXGroup;
			children = (
				141C05982779F31D007187F3 /* Product.swift */,
				141C05962779F2FB007187F3 /* User.swift */,
				147D71D72782283800C1E495 /* Alert.swift */,
			);
			name = Model;
			sourceTree = "<group>";
		};
		141C05902779E77F007187F3 /* View */ = {
			isa = PBXGroup;
			children = (
				141C055A2779D64F007187F3 /* Main.storyboard */,
				142E8357277C76E100AC41AA /* postCell.swift */,
			);
			path = View;
			sourceTree = "<group>";
		};
		141C05952779E848007187F3 /* controller */ = {
			isa = PBXGroup;
			children = (
				141C059E2779F950007187F3 /* LandingViewController.swift */,
				141C05A0277A31C6007187F3 /* Sign Up ViewController.swift */,
				141C05A2277A31DE007187F3 /* Sign In ViewController.swift */,
				141C05AA277A3287007187F3 /* Product Description ViewController.swift */,
				14F5E8CB277C40E100A3AB82 /* HomeViewController.swift */,
				141C05B9277B3E9D007187F3 /* DetailsViewController.swift */,
				141C05A4277A321D007187F3 /* Terms ViewController.swift */,
				142E8359277DAF7500AC41AA /* Contact ViewController.swift */,
				147D71E1278255B600C1E495 /*  BundleExtention.swift */,
				147D71EF2783223400C1E495 /* Localizable.strings */,
			);
			name = controller;
			sourceTree = "<group>";
		};
		141C05AE277A3472007187F3 /* Utill */ = {
			isa = PBXGroup;
			children = (
				141C05932779E81E007187F3 /* image.swift */,
				141C059A2779F362007187F3 /* Activity.swift */,
			);
			path = Utill;
			sourceTree = "<group>";
		};
/* End PBXGroup section */

/* Begin PBXNativeTarget section */
		141C05502779D64F007187F3 /* Ajir App */ = {
			isa = PBXNativeTarget;
			buildConfigurationList = 141C057B2779D653007187F3 /* Build configuration list for PBXNativeTarget "Ajir App" */;
			buildPhases = (
				141C054D2779D64F007187F3 /* Sources */,
				141C054E2779D64F007187F3 /* Frameworks */,
				141C054F2779D64F007187F3 /* Resources */,
			);
			buildRules = (
			);
			dependencies = (
			);
			name = "Ajir App";
			packageProductDependencies = (
				141C05892779D9FA007187F3 /* FirebaseAuth */,
				141C058B2779D9FA007187F3 /* FirebaseFirestore */,
				141C058D2779D9FA007187F3 /* FirebaseStorage */,
			);
			productName = "Ajir App";
			productReference = 141C05512779D64F007187F3 /* Ajir App.app */;
			productType = "com.apple.product-type.application";
		};
		141C05662779D653007187F3 /* Ajir AppTests */ = {
			isa = PBXNativeTarget;
			buildConfigurationList = 141C057E2779D653007187F3 /* Build configuration list for PBXNativeTarget "Ajir AppTests" */;
			buildPhases = (
				141C05632779D653007187F3 /* Sources */,
				141C05642779D653007187F3 /* Frameworks */,
				141C05652779D653007187F3 /* Resources */,
			);
			buildRules = (
			);
			dependencies = (
				141C05692779D653007187F3 /* PBXTargetDependency */,
			);
			name = "Ajir AppTests";
			productName = "Ajir AppTests";
			productReference = 141C05672779D653007187F3 /* Ajir AppTests.xctest */;
			productType = "com.apple.product-type.bundle.unit-test";
		};
		141C05702779D653007187F3 /* Ajir AppUITests */ = {
			isa = PBXNativeTarget;
			buildConfigurationList = 141C05812779D653007187F3 /* Build configuration list for PBXNativeTarget "Ajir AppUITests" */;
			buildPhases = (
				141C056D2779D653007187F3 /* Sources */,
				141C056E2779D653007187F3 /* Frameworks */,
				141C056F2779D653007187F3 /* Resources */,
			);
			buildRules = (
			);
			dependencies = (
				141C05732779D653007187F3 /* PBXTargetDependency */,
			);
			name = "Ajir AppUITests";
			productName = "Ajir AppUITests";
			productReference = 141C05712779D653007187F3 /* Ajir AppUITests.xctest */;
			productType = "com.apple.product-type.bundle.ui-testing";
		};
/* End PBXNativeTarget section */

/* Begin PBXProject section */
		141C05492779D64E007187F3 /* Project object */ = {
			isa = PBXProject;
			attributes = {
				BuildIndependentTargetsInParallel = 1;
				LastSwiftUpdateCheck = 1310;
				LastUpgradeCheck = 1310;
				TargetAttributes = {
					141C05502779D64F007187F3 = {
						CreatedOnToolsVersion = 13.1;
					};
					141C05662779D653007187F3 = {
						CreatedOnToolsVersion = 13.1;
						TestTargetID = 141C05502779D64F007187F3;
					};
					141C05702779D653007187F3 = {
						CreatedOnToolsVersion = 13.1;
						TestTargetID = 141C05502779D64F007187F3;
					};
				};
			};
			buildConfigurationList = 141C054C2779D64E007187F3 /* Build configuration list for PBXProject "Ajir App" */;
			compatibilityVersion = "Xcode 13.0";
			developmentRegion = en;
			hasScannedForEncodings = 0;
			knownRegions = (
				en,
				Base,
				ar,
			);
			mainGroup = 141C05482779D64E007187F3;
			packageReferences = (
				141C05882779D9F9007187F3 /* XCRemoteSwiftPackageReference "firebase-ios-sdk" */,
			);
			productRefGroup = 141C05522779D64F007187F3 /* Products */;
			projectDirPath = "";
			projectRoot = "";
			targets = (
				141C05502779D64F007187F3 /* Ajir App */,
				141C05662779D653007187F3 /* Ajir AppTests */,
				141C05702779D653007187F3 /* Ajir AppUITests */,
			);
		};
/* End PBXProject section */

/* Begin PBXResourcesBuildPhase section */
		141C054F2779D64F007187F3 /* Resources */ = {
			isa = PBXResourcesBuildPhase;
			buildActionMask = 2147483647;
			files = (
				141C05852779D6D3007187F3 /* .gitignore in Resources */,
				147D71ED2783223400C1E495 /* Localizable.strings in Resources */,
				141C05612779D653007187F3 /* LaunchScreen.storyboard in Resources */,
				141C055E2779D653007187F3 /* Assets.xcassets in Resources */,
				141C055C2779D64F007187F3 /* Main.storyboard in Resources */,
				141C05872779D8E8007187F3 /* GoogleService-Info.plist in Resources */,
			);
			runOnlyForDeploymentPostprocessing = 0;
		};
		141C05652779D653007187F3 /* Resources */ = {
			isa = PBXResourcesBuildPhase;
			buildActionMask = 2147483647;
			files = (
			);
			runOnlyForDeploymentPostprocessing = 0;
		};
		141C056F2779D653007187F3 /* Resources */ = {
			isa = PBXResourcesBuildPhase;
			buildActionMask = 2147483647;
			files = (
			);
			runOnlyForDeploymentPostprocessing = 0;
		};
/* End PBXResourcesBuildPhase section */

/* Begin PBXSourcesBuildPhase section */
		141C054D2779D64F007187F3 /* Sources */ = {
			isa = PBXSourcesBuildPhase;
			buildActionMask = 2147483647;
			files = (
				142E835A277DAF7500AC41AA /* Contact ViewController.swift in Sources */,
				141C05592779D64F007187F3 /* ViewController.swift in Sources */,
				141C05942779E81E007187F3 /* image.swift in Sources */,
				147D71D82782283800C1E495 /* Alert.swift in Sources */,
				141C059F2779F950007187F3 /* LandingViewController.swift in Sources */,
				14F5E8CC277C40E100A3AB82 /* HomeViewController.swift in Sources */,
				141C05A5277A321D007187F3 /* Terms ViewController.swift in Sources */,
				141C059B2779F362007187F3 /* Activity.swift in Sources */,
				141C05552779D64F007187F3 /* AppDelegate.swift in Sources */,
				147D71E2278255B600C1E495 /*  BundleExtention.swift in Sources */,
				141C05AB277A3287007187F3 /* Product Description ViewController.swift in Sources */,
				141C05972779F2FB007187F3 /* User.swift in Sources */,
				141C05BA277B3E9D007187F3 /* DetailsViewController.swift in Sources */,
				142E8358277C76E100AC41AA /* postCell.swift in Sources */,
				141C05572779D64F007187F3 /* SceneDelegate.swift in Sources */,
				141C05A1277A31C6007187F3 /* Sign Up ViewController.swift in Sources */,
				141C05A3277A31DE007187F3 /* Sign In ViewController.swift in Sources */,
				141C05992779F31D007187F3 /* Product.swift in Sources */,
			);
			runOnlyForDeploymentPostprocessing = 0;
		};
		141C05632779D653007187F3 /* Sources */ = {
			isa = PBXSourcesBuildPhase;
			buildActionMask = 2147483647;
			files = (
				141C056C2779D653007187F3 /* Ajir_AppTests.swift in Sources */,
			);
			runOnlyForDeploymentPostprocessing = 0;
		};
		141C056D2779D653007187F3 /* Sources */ = {
			isa = PBXSourcesBuildPhase;
			buildActionMask = 2147483647;
			files = (
				141C05782779D653007187F3 /* Ajir_AppUITestsLaunchTests.swift in Sources */,
				141C05762779D653007187F3 /* Ajir_AppUITests.swift in Sources */,
			);
			runOnlyForDeploymentPostprocessing = 0;
		};
/* End PBXSourcesBuildPhase section */

/* Begin PBXTargetDependency section */
		141C05692779D653007187F3 /* PBXTargetDependency */ = {
			isa = PBXTargetDependency;
			target = 141C05502779D64F007187F3 /* Ajir App */;
			targetProxy = 141C05682779D653007187F3 /* PBXContainerItemProxy */;
		};
		141C05732779D653007187F3 /* PBXTargetDependency */ = {
			isa = PBXTargetDependency;
			target = 141C05502779D64F007187F3 /* Ajir App */;
			targetProxy = 141C05722779D653007187F3 /* PBXContainerItemProxy */;
		};
/* End PBXTargetDependency section */

/* Begin PBXVariantGroup section */
		141C055A2779D64F007187F3 /* Main.storyboard */ = {
			isa = PBXVariantGroup;
			children = (
				141C055B2779D64F007187F3 /* Base */,
				147D71E92783221500C1E495 /* ar */,
			);
			name = Main.storyboard;
			sourceTree = "<group>";
		};
		141C055F2779D653007187F3 /* LaunchScreen.storyboard */ = {
			isa = PBXVariantGroup;
			children = (
				141C05602779D653007187F3 /* Base */,
				147D71EA2783221500C1E495 /* ar */,
			);
			name = LaunchScreen.storyboard;
			sourceTree = "<group>";
		};
		147D71EF2783223400C1E495 /* Localizable.strings */ = {
			isa = PBXVariantGroup;
			children = (
				147D71EE2783223400C1E495 /* en */,
				147D71F02783223F00C1E495 /* ar */,
			);
			name = Localizable.strings;
			sourceTree = "<group>";
		};
/* End PBXVariantGroup section */

/* Begin XCBuildConfiguration section */
		141C05792779D653007187F3 /* Debug */ = {
			isa = XCBuildConfiguration;
			buildSettings = {
				ALWAYS_SEARCH_USER_PATHS = NO;
				CLANG_ANALYZER_LOCALIZABILITY_NONLOCALIZED = YES;
				CLANG_ANALYZER_NONNULL = YES;
				CLANG_ANALYZER_NUMBER_OBJECT_CONVERSION = YES_AGGRESSIVE;
				CLANG_CXX_LANGUAGE_STANDARD = "gnu++17";
				CLANG_CXX_LIBRARY = "libc++";
				CLANG_ENABLE_MODULES = YES;
				CLANG_ENABLE_OBJC_ARC = YES;
				CLANG_ENABLE_OBJC_WEAK = YES;
				CLANG_WARN_BLOCK_CAPTURE_AUTORELEASING = YES;
				CLANG_WARN_BOOL_CONVERSION = YES;
				CLANG_WARN_COMMA = YES;
				CLANG_WARN_CONSTANT_CONVERSION = YES;
				CLANG_WARN_DEPRECATED_OBJC_IMPLEMENTATIONS = YES;
				CLANG_WARN_DIRECT_OBJC_ISA_USAGE = YES_ERROR;
				CLANG_WARN_DOCUMENTATION_COMMENTS = YES;
				CLANG_WARN_EMPTY_BODY = YES;
				CLANG_WARN_ENUM_CONVERSION = YES;
				CLANG_WARN_INFINITE_RECURSION = YES;
				CLANG_WARN_INT_CONVERSION = YES;
				CLANG_WARN_NON_LITERAL_NULL_CONVERSION = YES;
				CLANG_WARN_OBJC_IMPLICIT_RETAIN_SELF = YES;
				CLANG_WARN_OBJC_LITERAL_CONVERSION = YES;
				CLANG_WARN_OBJC_ROOT_CLASS = YES_ERROR;
				CLANG_WARN_QUOTED_INCLUDE_IN_FRAMEWORK_HEADER = YES;
				CLANG_WARN_RANGE_LOOP_ANALYSIS = YES;
				CLANG_WARN_STRICT_PROTOTYPES = YES;
				CLANG_WARN_SUSPICIOUS_MOVE = YES;
				CLANG_WARN_UNGUARDED_AVAILABILITY = YES_AGGRESSIVE;
				CLANG_WARN_UNREACHABLE_CODE = YES;
				CLANG_WARN__DUPLICATE_METHOD_MATCH = YES;
				COPY_PHASE_STRIP = NO;
				DEBUG_INFORMATION_FORMAT = dwarf;
				ENABLE_STRICT_OBJC_MSGSEND = YES;
				ENABLE_TESTABILITY = YES;
				GCC_C_LANGUAGE_STANDARD = gnu11;
				GCC_DYNAMIC_NO_PIC = NO;
				GCC_NO_COMMON_BLOCKS = YES;
				GCC_OPTIMIZATION_LEVEL = 0;
				GCC_PREPROCESSOR_DEFINITIONS = (
					"DEBUG=1",
					"$(inherited)",
				);
				GCC_WARN_64_TO_32_BIT_CONVERSION = YES;
				GCC_WARN_ABOUT_RETURN_TYPE = YES_ERROR;
				GCC_WARN_UNDECLARED_SELECTOR = YES;
				GCC_WARN_UNINITIALIZED_AUTOS = YES_AGGRESSIVE;
				GCC_WARN_UNUSED_FUNCTION = YES;
				GCC_WARN_UNUSED_VARIABLE = YES;
				IPHONEOS_DEPLOYMENT_TARGET = 15.0;
				MTL_ENABLE_DEBUG_INFO = INCLUDE_SOURCE;
				MTL_FAST_MATH = YES;
				ONLY_ACTIVE_ARCH = YES;
				SDKROOT = iphoneos;
				SWIFT_ACTIVE_COMPILATION_CONDITIONS = DEBUG;
				SWIFT_OPTIMIZATION_LEVEL = "-Onone";
			};
			name = Debug;
		};
		141C057A2779D653007187F3 /* Release */ = {
			isa = XCBuildConfiguration;
			buildSettings = {
				ALWAYS_SEARCH_USER_PATHS = NO;
				CLANG_ANALYZER_LOCALIZABILITY_NONLOCALIZED = YES;
				CLANG_ANALYZER_NONNULL = YES;
				CLANG_ANALYZER_NUMBER_OBJECT_CONVERSION = YES_AGGRESSIVE;
				CLANG_CXX_LANGUAGE_STANDARD = "gnu++17";
				CLANG_CXX_LIBRARY = "libc++";
				CLANG_ENABLE_MODULES = YES;
				CLANG_ENABLE_OBJC_ARC = YES;
				CLANG_ENABLE_OBJC_WEAK = YES;
				CLANG_WARN_BLOCK_CAPTURE_AUTORELEASING = YES;
				CLANG_WARN_BOOL_CONVERSION = YES;
				CLANG_WARN_COMMA = YES;
				CLANG_WARN_CONSTANT_CONVERSION = YES;
				CLANG_WARN_DEPRECATED_OBJC_IMPLEMENTATIONS = YES;
				CLANG_WARN_DIRECT_OBJC_ISA_USAGE = YES_ERROR;
				CLANG_WARN_DOCUMENTATION_COMMENTS = YES;
				CLANG_WARN_EMPTY_BODY = YES;
				CLANG_WARN_ENUM_CONVERSION = YES;
				CLANG_WARN_INFINITE_RECURSION = YES;
				CLANG_WARN_INT_CONVERSION = YES;
				CLANG_WARN_NON_LITERAL_NULL_CONVERSION = YES;
				CLANG_WARN_OBJC_IMPLICIT_RETAIN_SELF = YES;
				CLANG_WARN_OBJC_LITERAL_CONVERSION = YES;
				CLANG_WARN_OBJC_ROOT_CLASS = YES_ERROR;
				CLANG_WARN_QUOTED_INCLUDE_IN_FRAMEWORK_HEADER = YES;
				CLANG_WARN_RANGE_LOOP_ANALYSIS = YES;
				CLANG_WARN_STRICT_PROTOTYPES = YES;
				CLANG_WARN_SUSPICIOUS_MOVE = YES;
				CLANG_WARN_UNGUARDED_AVAILABILITY = YES_AGGRESSIVE;
				CLANG_WARN_UNREACHABLE_CODE = YES;
				CLANG_WARN__DUPLICATE_METHOD_MATCH = YES;
				COPY_PHASE_STRIP = NO;
				DEBUG_INFORMATION_FORMAT = "dwarf-with-dsym";
				ENABLE_NS_ASSERTIONS = NO;
				ENABLE_STRICT_OBJC_MSGSEND = YES;
				GCC_C_LANGUAGE_STANDARD = gnu11;
				GCC_NO_COMMON_BLOCKS = YES;
				GCC_WARN_64_TO_32_BIT_CONVERSION = YES;
				GCC_WARN_ABOUT_RETURN_TYPE = YES_ERROR;
				GCC_WARN_UNDECLARED_SELECTOR = YES;
				GCC_WARN_UNINITIALIZED_AUTOS = YES_AGGRESSIVE;
				GCC_WARN_UNUSED_FUNCTION = YES;
				GCC_WARN_UNUSED_VARIABLE = YES;
				IPHONEOS_DEPLOYMENT_TARGET = 15.0;
				MTL_ENABLE_DEBUG_INFO = NO;
				MTL_FAST_MATH = YES;
				SDKROOT = iphoneos;
				SWIFT_COMPILATION_MODE = wholemodule;
				SWIFT_OPTIMIZATION_LEVEL = "-O";
				VALIDATE_PRODUCT = YES;
			};
			name = Release;
		};
		141C057C2779D653007187F3 /* Debug */ = {
			isa = XCBuildConfiguration;
			buildSettings = {
				ASSETCATALOG_COMPILER_APPICON_NAME = AppIcon;
				ASSETCATALOG_COMPILER_GLOBAL_ACCENT_COLOR_NAME = AccentColor;
				ASSETCATALOG_COMPILER_INCLUDE_ALL_APPICON_ASSETS = NO;
				CODE_SIGN_STYLE = Automatic;
				CURRENT_PROJECT_VERSION = 1;
				DEVELOPMENT_TEAM = NTW43QW327;
				GENERATE_INFOPLIST_FILE = YES;
				INFOPLIST_FILE = "Ajir App/Info.plist";
				INFOPLIST_KEY_UIApplicationSupportsIndirectInputEvents = YES;
				INFOPLIST_KEY_UILaunchStoryboardName = LaunchScreen;
				INFOPLIST_KEY_UIMainStoryboardFile = Main;
				INFOPLIST_KEY_UISupportedInterfaceOrientations_iPad = "UIInterfaceOrientationPortrait UIInterfaceOrientationPortraitUpsideDown UIInterfaceOrientationLandscapeLeft UIInterfaceOrientationLandscapeRight";
				INFOPLIST_KEY_UISupportedInterfaceOrientations_iPhone = "UIInterfaceOrientationPortrait UIInterfaceOrientationLandscapeLeft UIInterfaceOrientationLandscapeRight";
				LD_RUNPATH_SEARCH_PATHS = (
					"$(inherited)",
					"@executable_path/Frameworks",
				);
				MARKETING_VERSION = 1.0;
				PRODUCT_BUNDLE_IDENTIFIER = "Ahlam-Jur.Ajir-App";
				PRODUCT_NAME = "$(TARGET_NAME)";
				SWIFT_EMIT_LOC_STRINGS = YES;
				SWIFT_VERSION = 5.0;
				TARGETED_DEVICE_FAMILY = "1,2";
			};
			name = Debug;
		};
		141C057D2779D653007187F3 /* Release */ = {
			isa = XCBuildConfiguration;
			buildSettings = {
				ASSETCATALOG_COMPILER_APPICON_NAME = AppIcon;
				ASSETCATALOG_COMPILER_GLOBAL_ACCENT_COLOR_NAME = AccentColor;
				ASSETCATALOG_COMPILER_INCLUDE_ALL_APPICON_ASSETS = NO;
				CODE_SIGN_STYLE = Automatic;
				CURRENT_PROJECT_VERSION = 1;
				DEVELOPMENT_TEAM = NTW43QW327;
				GENERATE_INFOPLIST_FILE = YES;
				INFOPLIST_FILE = "Ajir App/Info.plist";
				INFOPLIST_KEY_UIApplicationSupportsIndirectInputEvents = YES;
				INFOPLIST_KEY_UILaunchStoryboardName = LaunchScreen;
				INFOPLIST_KEY_UIMainStoryboardFile = Main;
				INFOPLIST_KEY_UISupportedInterfaceOrientations_iPad = "UIInterfaceOrientationPortrait UIInterfaceOrientationPortraitUpsideDown UIInterfaceOrientationLandscapeLeft UIInterfaceOrientationLandscapeRight";
				INFOPLIST_KEY_UISupportedInterfaceOrientations_iPhone = "UIInterfaceOrientationPortrait UIInterfaceOrientationLandscapeLeft UIInterfaceOrientationLandscapeRight";
				LD_RUNPATH_SEARCH_PATHS = (
					"$(inherited)",
					"@executable_path/Frameworks",
				);
				MARKETING_VERSION = 1.0;
				PRODUCT_BUNDLE_IDENTIFIER = "Ahlam-Jur.Ajir-App";
				PRODUCT_NAME = "$(TARGET_NAME)";
				SWIFT_EMIT_LOC_STRINGS = YES;
				SWIFT_VERSION = 5.0;
				TARGETED_DEVICE_FAMILY = "1,2";
			};
			name = Release;
		};
		141C057F2779D653007187F3 /* Debug */ = {
			isa = XCBuildConfiguration;
			buildSettings = {
				ALWAYS_EMBED_SWIFT_STANDARD_LIBRARIES = YES;
				BUNDLE_LOADER = "$(TEST_HOST)";
				CODE_SIGN_STYLE = Automatic;
				CURRENT_PROJECT_VERSION = 1;
				DEVELOPMENT_TEAM = NTW43QW327;
				GENERATE_INFOPLIST_FILE = YES;
				IPHONEOS_DEPLOYMENT_TARGET = 15.0;
				LD_RUNPATH_SEARCH_PATHS = (
					"$(inherited)",
					"@executable_path/Frameworks",
					"@loader_path/Frameworks",
				);
				MARKETING_VERSION = 1.0;
				PRODUCT_BUNDLE_IDENTIFIER = "Ahlam-Jur.Ajir-AppTests";
				PRODUCT_NAME = "$(TARGET_NAME)";
				SWIFT_EMIT_LOC_STRINGS = NO;
				SWIFT_VERSION = 5.0;
				TARGETED_DEVICE_FAMILY = "1,2";
				TEST_HOST = "$(BUILT_PRODUCTS_DIR)/Ajir App.app/Ajir App";
			};
			name = Debug;
		};
		141C05802779D653007187F3 /* Release */ = {
			isa = XCBuildConfiguration;
			buildSettings = {
				ALWAYS_EMBED_SWIFT_STANDARD_LIBRARIES = YES;
				BUNDLE_LOADER = "$(TEST_HOST)";
				CODE_SIGN_STYLE = Automatic;
				CURRENT_PROJECT_VERSION = 1;
				DEVELOPMENT_TEAM = NTW43QW327;
				GENERATE_INFOPLIST_FILE = YES;
				IPHONEOS_DEPLOYMENT_TARGET = 15.0;
				LD_RUNPATH_SEARCH_PATHS = (
					"$(inherited)",
					"@executable_path/Frameworks",
					"@loader_path/Frameworks",
				);
				MARKETING_VERSION = 1.0;
				PRODUCT_BUNDLE_IDENTIFIER = "Ahlam-Jur.Ajir-AppTests";
				PRODUCT_NAME = "$(TARGET_NAME)";
				SWIFT_EMIT_LOC_STRINGS = NO;
				SWIFT_VERSION = 5.0;
				TARGETED_DEVICE_FAMILY = "1,2";
				TEST_HOST = "$(BUILT_PRODUCTS_DIR)/Ajir App.app/Ajir App";
			};
			name = Release;
		};
		141C05822779D653007187F3 /* Debug */ = {
			isa = XCBuildConfiguration;
			buildSettings = {
				ALWAYS_EMBED_SWIFT_STANDARD_LIBRARIES = YES;
				CODE_SIGN_STYLE = Automatic;
				CURRENT_PROJECT_VERSION = 1;
				DEVELOPMENT_TEAM = NTW43QW327;
				GENERATE_INFOPLIST_FILE = YES;
				LD_RUNPATH_SEARCH_PATHS = (
					"$(inherited)",
					"@executable_path/Frameworks",
					"@loader_path/Frameworks",
				);
				MARKETING_VERSION = 1.0;
				PRODUCT_BUNDLE_IDENTIFIER = "Ahlam-Jur.Ajir-AppUITests";
				PRODUCT_NAME = "$(TARGET_NAME)";
				SWIFT_EMIT_LOC_STRINGS = NO;
				SWIFT_VERSION = 5.0;
				TARGETED_DEVICE_FAMILY = "1,2";
				TEST_TARGET_NAME = "Ajir App";
			};
			name = Debug;
		};
		141C05832779D653007187F3 /* Release */ = {
			isa = XCBuildConfiguration;
			buildSettings = {
				ALWAYS_EMBED_SWIFT_STANDARD_LIBRARIES = YES;
				CODE_SIGN_STYLE = Automatic;
				CURRENT_PROJECT_VERSION = 1;
				DEVELOPMENT_TEAM = NTW43QW327;
				GENERATE_INFOPLIST_FILE = YES;
				LD_RUNPATH_SEARCH_PATHS = (
					"$(inherited)",
					"@executable_path/Frameworks",
					"@loader_path/Frameworks",
				);
				MARKETING_VERSION = 1.0;
				PRODUCT_BUNDLE_IDENTIFIER = "Ahlam-Jur.Ajir-AppUITests";
				PRODUCT_NAME = "$(TARGET_NAME)";
				SWIFT_EMIT_LOC_STRINGS = NO;
				SWIFT_VERSION = 5.0;
				TARGETED_DEVICE_FAMILY = "1,2";
				TEST_TARGET_NAME = "Ajir App";
			};
			name = Release;
		};
/* End XCBuildConfiguration section */

/* Begin XCConfigurationList section */
		141C054C2779D64E007187F3 /* Build configuration list for PBXProject "Ajir App" */ = {
			isa = XCConfigurationList;
			buildConfigurations = (
				141C05792779D653007187F3 /* Debug */,
				141C057A2779D653007187F3 /* Release */,
			);
			defaultConfigurationIsVisible = 0;
			defaultConfigurationName = Release;
		};
		141C057B2779D653007187F3 /* Build configuration list for PBXNativeTarget "Ajir App" */ = {
			isa = XCConfigurationList;
			buildConfigurations = (
				141C057C2779D653007187F3 /* Debug */,
				141C057D2779D653007187F3 /* Release */,
			);
			defaultConfigurationIsVisible = 0;
			defaultConfigurationName = Release;
		};
		141C057E2779D653007187F3 /* Build configuration list for PBXNativeTarget "Ajir AppTests" */ = {
			isa = XCConfigurationList;
			buildConfigurations = (
				141C057F2779D653007187F3 /* Debug */,
				141C05802779D653007187F3 /* Release */,
			);
			defaultConfigurationIsVisible = 0;
			defaultConfigurationName = Release;
		};
		141C05812779D653007187F3 /* Build configuration list for PBXNativeTarget "Ajir AppUITests" */ = {
			isa = XCConfigurationList;
			buildConfigurations = (
				141C05822779D653007187F3 /* Debug */,
				141C05832779D653007187F3 /* Release */,
			);
			defaultConfigurationIsVisible = 0;
			defaultConfigurationName = Release;
		};
/* End XCConfigurationList section */

/* Begin XCRemoteSwiftPackageReference section */
		141C05882779D9F9007187F3 /* XCRemoteSwiftPackageReference "firebase-ios-sdk" */ = {
			isa = XCRemoteSwiftPackageReference;
			repositoryURL = "https://github.com/ahlamjureabi/firebase-ios-sdk.git";
			requirement = {
				kind = upToNextMajorVersion;
				minimumVersion = 8.0.0;
			};
		};
/* End XCRemoteSwiftPackageReference section */

/* Begin XCSwiftPackageProductDependency section */
		141C05892779D9FA007187F3 /* FirebaseAuth */ = {
			isa = XCSwiftPackageProductDependency;
			package = 141C05882779D9F9007187F3 /* XCRemoteSwiftPackageReference "firebase-ios-sdk" */;
			productName = FirebaseAuth;
		};
		141C058B2779D9FA007187F3 /* FirebaseFirestore */ = {
			isa = XCSwiftPackageProductDependency;
			package = 141C05882779D9F9007187F3 /* XCRemoteSwiftPackageReference "firebase-ios-sdk" */;
			productName = FirebaseFirestore;
		};
		141C058D2779D9FA007187F3 /* FirebaseStorage */ = {
			isa = XCSwiftPackageProductDependency;
			package = 141C05882779D9F9007187F3 /* XCRemoteSwiftPackageReference "firebase-ios-sdk" */;
			productName = FirebaseStorage;
		};
/* End XCSwiftPackageProductDependency section */
	};
	rootObject = 141C05492779D64E007187F3 /* Project object */;
}
